
Microsoft Visual Studio Solution File, Format Version 12.00
# Visual Studio Version 17
VisualStudioVersion = 17.9.34723.18
MinimumVisualStudioVersion = 10.0.40219.1
Project("{9A19103F-16F7-4668-BE54-9A1E7A4F7556}") = "controleFilmes", "controleFilmes\controleFilmes.csproj", "{4057428A-F31C-4A40-A6FC-DEE49A230CEC}"
EndProject
Project("{FAE04EC0-301F-11D3-BF4B-00C04F79EFBC}") = "FilmesMVC", "FilmesMVC\FilmesMVC.csproj", "{470BB699-AFBE-4424-B4EC-BDA3403A1E87}"
EndProject
Global
	GlobalSection(SolutionConfigurationPlatforms) = preSolution
		Debug|Any CPU = Debug|Any CPU
		Release|Any CPU = Release|Any CPU
	EndGlobalSection
	GlobalSection(ProjectConfigurationPlatforms) = postSolution
		{4057428A-F31C-4A40-A6FC-DEE49A230CEC}.Debug|Any CPU.ActiveCfg = Debug|Any CPU
		{4057428A-F31C-4A40-A6FC-DEE49A230CEC}.Debug|Any CPU.Build.0 = Debug|Any CPU
		{4057428A-F31C-4A40-A6FC-DEE49A230CEC}.Release|Any CPU.ActiveCfg = Release|Any CPU
		{4057428A-F31C-4A40-A6FC-DEE49A230CEC}.Release|Any CPU.Build.0 = Release|Any CPU
		{470BB699-AFBE-4424-B4EC-BDA3403A1E87}.Debug|Any CPU.ActiveCfg = Debug|Any CPU
		{470BB699-AFBE-4424-B4EC-BDA3403A1E87}.Debug|Any CPU.Build.0 = Debug|Any CPU
		{470BB699-AFBE-4424-B4EC-BDA3403A1E87}.Release|Any CPU.ActiveCfg = Release|Any CPU
		{470BB699-AFBE-4424-B4EC-BDA3403A1E87}.Release|Any CPU.Build.0 = Release|Any CPU
	EndGlobalSection
	GlobalSection(SolutionProperties) = preSolution
		HideSolutionNode = FALSE
	EndGlobalSection
	GlobalSection(ExtensibilityGlobals) = postSolution
		SolutionGuid = {10C2C3C2-C5BD-4907-A8DB-00885721ACB1}
	EndGlobalSection
EndGlobal
